
Microsoft Visual Studio Solution File, Format Version 11.00
# Visual Studio 2010
Project("{E24C65DC-7377-472B-9ABA-BC803B73C61A}") = "NavajoTax", ".", "{9419DB53-5141-4CF1-AD90-83EFB08403BC}"
	ProjectSection(WebsiteProperties) = preProject
		TargetFrameworkMoniker = ".NETFramework,Version%3Dv4.0"
		Debug.AspNetCompiler.VirtualPath = "/NavajoTax"
		Debug.AspNetCompiler.PhysicalPath = "..\NavajoTax\"
		Debug.AspNetCompiler.TargetPath = "PrecompiledWeb\NavajoTax\"
		Debug.AspNetCompiler.Updateable = "true"
		Debug.AspNetCompiler.ForceOverwrite = "true"
		Debug.AspNetCompiler.FixedNames = "false"
		Debug.AspNetCompiler.Debug = "True"
		Release.AspNetCompiler.VirtualPath = "/NavajoTax"
		Release.AspNetCompiler.PhysicalPath = "..\NavajoTax\"
		Release.AspNetCompiler.TargetPath = "PrecompiledWeb\NavajoTax\"
		Release.AspNetCompiler.Updateable = "true"
		Release.AspNetCompiler.ForceOverwrite = "true"
		Release.AspNetCompiler.FixedNames = "false"
		Release.AspNetCompiler.Debug = "False"
		VWDPort = "54309"
	EndProjectSection
EndProject
Global
	GlobalSection(SolutionConfigurationPlatforms) = preSolution
		Debug|Any CPU = Debug|Any CPU
	EndGlobalSection
	GlobalSection(ProjectConfigurationPlatforms) = postSolution
		{9419DB53-5141-4CF1-AD90-83EFB08403BC}.Debug|Any CPU.ActiveCfg = Debug|Any CPU
		{9419DB53-5141-4CF1-AD90-83EFB08403BC}.Debug|Any CPU.Build.0 = Debug|Any CPU
	EndGlobalSection
	GlobalSection(SolutionProperties) = preSolution
		HideSolutionNode = FALSE
	EndGlobalSection
EndGlobal
